
Microsoft Visual Studio Solution File, Format Version 12.00
# Visual Studio Version 17
VisualStudioVersion = 17.3.32811.315
MinimumVisualStudioVersion = 10.0.40219.1
Project("{FAE04EC0-301F-11D3-BF4B-00C04F79EFBC}") = "Riftek_R691_Client", "Riftek_R691_Client.csproj", "{8D644111-380C-4E53-B21C-C289C7B1BCA7}"
EndProject
Project("{FAE04EC0-301F-11D3-BF4B-00C04F79EFBC}") = "Riftek_R691_Server", "..\Riftek_R691_Server\Riftek_R691_Server.csproj", "{AD470820-DD66-48C1-9C60-E148129946F4}"
EndProject
Global
	GlobalSection(SolutionConfigurationPlatforms) = preSolution
		Debug|Any CPU = Debug|Any CPU
		Release|Any CPU = Release|Any CPU
	EndGlobalSection
	GlobalSection(ProjectConfigurationPlatforms) = postSolution
		{8D644111-380C-4E53-B21C-C289C7B1BCA7}.Debug|Any CPU.ActiveCfg = Debug|Any CPU
		{8D644111-380C-4E53-B21C-C289C7B1BCA7}.Debug|Any CPU.Build.0 = Debug|Any CPU
		{8D644111-380C-4E53-B21C-C289C7B1BCA7}.Release|Any CPU.ActiveCfg = Release|Any CPU
		{8D644111-380C-4E53-B21C-C289C7B1BCA7}.Release|Any CPU.Build.0 = Release|Any CPU
		{AD470820-DD66-48C1-9C60-E148129946F4}.Debug|Any CPU.ActiveCfg = Debug|Any CPU
		{AD470820-DD66-48C1-9C60-E148129946F4}.Debug|Any CPU.Build.0 = Debug|Any CPU
		{AD470820-DD66-48C1-9C60-E148129946F4}.Release|Any CPU.ActiveCfg = Release|Any CPU
		{AD470820-DD66-48C1-9C60-E148129946F4}.Release|Any CPU.Build.0 = Release|Any CPU
	EndGlobalSection
	GlobalSection(SolutionProperties) = preSolution
		HideSolutionNode = FALSE
	EndGlobalSection
	GlobalSection(ExtensibilityGlobals) = postSolution
		SolutionGuid = {4D55BFBE-655C-4E62-966B-9DF742E4184F}
	EndGlobalSection
EndGlobal
